
Microsoft Visual Studio Solution File, Format Version 12.00
# Visual Studio Version 16
VisualStudioVersion = 16.0.31205.134
MinimumVisualStudioVersion = 10.0.40219.1
Project("{FAE04EC0-301F-11D3-BF4B-00C04F79EFBC}") = "Pokedex", "Pokedex\Pokedex.csproj", "{BA528587-8955-4239-B561-216F8CD19088}"
EndProject
Global
	GlobalSection(SolutionConfigurationPlatforms) = preSolution
		Debug|Any CPU = Debug|Any CPU
		Release|Any CPU = Release|Any CPU
	EndGlobalSection
	GlobalSection(ProjectConfigurationPlatforms) = postSolution
		{BA528587-8955-4239-B561-216F8CD19088}.Debug|Any CPU.ActiveCfg = Debug|Any CPU
		{BA528587-8955-4239-B561-216F8CD19088}.Debug|Any CPU.Build.0 = Debug|Any CPU
		{BA528587-8955-4239-B561-216F8CD19088}.Release|Any CPU.ActiveCfg = Release|Any CPU
		{BA528587-8955-4239-B561-216F8CD19088}.Release|Any CPU.Build.0 = Release|Any CPU
	EndGlobalSection
	GlobalSection(SolutionProperties) = preSolution
		HideSolutionNode = FALSE
	EndGlobalSection
	GlobalSection(ExtensibilityGlobals) = postSolution
		SolutionGuid = {1AD8E2D9-F51C-46F1-97BE-584D92AB952B}
	EndGlobalSection
EndGlobal
